PODS:
  - FSCalendar (2.7.9)
  - RAMAnimatedTabBarController (2.2.3)

DEPENDENCIES:
  - FSCalendar
  - RAMAnimatedTabBarController

SPEC CHECKSUMS:
  FSCalendar: a04b09f16f811bc92e82f3cf852a15225233b9d5
  RAMAnimatedTabBarController: 71adaa59ea22a8badfa242b8e068f0b9ebbb447d

PODFILE CHECKSUM: d96097b1ab5a4a7ae021a1c52a3fc1061338cb39

COCOAPODS: 1.3.1
