// !$*UTF8*$!
{
	archiveVersion = 1;
	classes = {
	};
	objectVersion = 46;
	objects = {

/* Begin PBXBuildFile section */
		5EB3DAFEB5E5841CB7917BBF /* Pods_enPiT2SUProduct.framework in Frameworks */ = {isa = PBXBuildFile; fileRef = 0DA3F6B2A6D215B517B664BD /* Pods_enPiT2SUProduct.framework */; };
		7068FE0F1F98BD1F00C814FA /* MainViewController.swift in Sources */ = {isa = PBXBuildFile; fileRef = 7068FE0E1F98BD1F00C814FA /* MainViewController.swift */; };
		7068FE131F99736A00C814FA /* UploadingViewController.swift in Sources */ = {isa = PBXBuildFile; fileRef = 7068FE121F99736A00C814FA /* UploadingViewController.swift */; };
		C0F7E2651F6B7FC90038357B /* AppDelegate.swift in Sources */ = {isa = PBXBuildFile; fileRef = C0F7E2641F6B7FC90038357B /* AppDelegate.swift */; };
		C0F7E26A1F6B7FC90038357B /* Main.storyboard in Resources */ = {isa = PBXBuildFile; fileRef = C0F7E2681F6B7FC90038357B /* Main.storyboard */; };
		C0F7E26C1F6B7FC90038357B /* Assets.xcassets in Resources */ = {isa = PBXBuildFile; fileRef = C0F7E26B1F6B7FC90038357B /* Assets.xcassets */; };
		C0F7E26F1F6B7FC90038357B /* LaunchScreen.storyboard in Resources */ = {isa = PBXBuildFile; fileRef = C0F7E26D1F6B7FC90038357B /* LaunchScreen.storyboard */; };
/* End PBXBuildFile section */

/* Begin PBXFileReference section */
		0DA3F6B2A6D215B517B664BD /* Pods_enPiT2SUProduct.framework */ = {isa = PBXFileReference; explicitFileType = wrapper.framework; includeInIndex = 0; path = Pods_enPiT2SUProduct.framework; sourceTree = BUILT_PRODUCTS_DIR; };
		17DD6213011BDCB6850B0EB6 /* Pods-enPiT2SUProduct.release.xcconfig */ = {isa = PBXFileReference; includeInIndex = 1; lastKnownFileType = text.xcconfig; name = "Pods-enPiT2SUProduct.release.xcconfig"; path = "Pods/Target Support Files/Pods-enPiT2SUProduct/Pods-enPiT2SUProduct.release.xcconfig"; sourceTree = "<group>"; };
		7068FE0E1F98BD1F00C814FA /* MainViewController.swift */ = {isa = PBXFileReference; lastKnownFileType = sourcecode.swift; name = MainViewController.swift; path = "/Users/yusuke/Documents/swift/team-E/enPiT2SUProduct/MainViewController.swift"; sourceTree = "<absolute>"; };
		7068FE121F99736A00C814FA /* UploadingViewController.swift */ = {isa = PBXFileReference; lastKnownFileType = sourcecode.swift; path = UploadingViewController.swift; sourceTree = "<group>"; };
		C0F7E2611F6B7FC90038357B /* enPiT2SUProduct.app */ = {isa = PBXFileReference; explicitFileType = wrapper.application; includeInIndex = 0; path = enPiT2SUProduct.app; sourceTree = BUILT_PRODUCTS_DIR; };
		C0F7E2641F6B7FC90038357B /* AppDelegate.swift */ = {isa = PBXFileReference; lastKnownFileType = sourcecode.swift; path = AppDelegate.swift; sourceTree = "<group>"; };
		C0F7E2691F6B7FC90038357B /* Base */ = {isa = PBXFileReference; lastKnownFileType = file.storyboard; name = Base; path = Base.lproj/Main.storyboard; sourceTree = "<group>"; };
		C0F7E26B1F6B7FC90038357B /* Assets.xcassets */ = {isa = PBXFileReference; lastKnownFileType = folder.assetcatalog; path = Assets.xcassets; sourceTree = "<group>"; };
		C0F7E26E1F6B7FC90038357B /* Base */ = {isa = PBXFileReference; lastKnownFileType = file.storyboard; name = Base; path = Base.lproj/LaunchScreen.storyboard; sourceTree = "<group>"; };
		C0F7E2701F6B7FC90038357B /* Info.plist */ = {isa = PBXFileReference; lastKnownFileType = text.plist.xml; path = Info.plist; sourceTree = "<group>"; };
		EF9F70AF319855273E39CE4C /* Pods-enPiT2SUProduct.debug.xcconfig */ = {isa = PBXFileReference; includeInIndex = 1; lastKnownFileType = text.xcconfig; name = "Pods-enPiT2SUProduct.debug.xcconfig"; path = "Pods/Target Support Files/Pods-enPiT2SUProduct/Pods-enPiT2SUProduct.debug.xcconfig"; sourceTree = "<group>"; };
/* End PBXFileReference section */

/* Begin PBXFrameworksBuildPhase section */
		C0F7E25E1F6B7FC90038357B /* Frameworks */ = {
			isa = PBXFrameworksBuildPhase;
			buildActionMask = 2147483647;
			files = (
				5EB3DAFEB5E5841CB7917BBF /* Pods_enPiT2SUProduct.framework in Frameworks */,
			);
			runOnlyForDeploymentPostprocessing = 0;
		};
/* End PBXFrameworksBuildPhase section */

/* Begin PBXGroup section */
		2F14F5E3ED47B101B5F79722 /* Pods */ = {
			isa = PBXGroup;
			children = (
				EF9F70AF319855273E39CE4C /* Pods-enPiT2SUProduct.debug.xcconfig */,
				17DD6213011BDCB6850B0EB6 /* Pods-enPiT2SUProduct.release.xcconfig */,
			);
			name = Pods;
			sourceTree = "<group>";
		};
		5F9D6195D972AD733E83CF0F /* Frameworks */ = {
			isa = PBXGroup;
			children = (
				0DA3F6B2A6D215B517B664BD /* Pods_enPiT2SUProduct.framework */,
			);
			name = Frameworks;
			sourceTree = "<group>";
		};
		C0F7E2581F6B7FC90038357B = {
			isa = PBXGroup;
			children = (
				C0F7E2631F6B7FC90038357B /* enPiT2SUProduct */,
				C0F7E2621F6B7FC90038357B /* Products */,
				2F14F5E3ED47B101B5F79722 /* Pods */,
				5F9D6195D972AD733E83CF0F /* Frameworks */,
			);
			sourceTree = "<group>";
		};
		C0F7E2621F6B7FC90038357B /* Products */ = {
			isa = PBXGroup;
			children = (
				C0F7E2611F6B7FC90038357B /* enPiT2SUProduct.app */,
			);
			name = Products;
			sourceTree = "<group>";
		};
		C0F7E2631F6B7FC90038357B /* enPiT2SUProduct */ = {
			isa = PBXGroup;
			children = (
				C0F7E2641F6B7FC90038357B /* AppDelegate.swift */,
				7068FE0E1F98BD1F00C814FA /* MainViewController.swift */,
				7068FE121F99736A00C814FA /* UploadingViewController.swift */,
				C0F7E2681F6B7FC90038357B /* Main.storyboard */,
				C0F7E26B1F6B7FC90038357B /* Assets.xcassets */,
				C0F7E26D1F6B7FC90038357B /* LaunchScreen.storyboard */,
				C0F7E2701F6B7FC90038357B /* Info.plist */,
			);
			path = enPiT2SUProduct;
			sourceTree = "<group>";
		};
/* End PBXGroup section */

/* Begin PBXNativeTarget section */
		C0F7E2601F6B7FC90038357B /* enPiT2SUProduct */ = {
			isa = PBXNativeTarget;
			buildConfigurationList = C0F7E2731F6B7FC90038357B /* Build configuration list for PBXNativeTarget "enPiT2SUProduct" */;
			buildPhases = (
				612A7E9ADD0133DF083C9C3E /* [CP] Check Pods Manifest.lock */,
				C0F7E25D1F6B7FC90038357B /* Sources */,
				C0F7E25E1F6B7FC90038357B /* Frameworks */,
				C0F7E25F1F6B7FC90038357B /* Resources */,
				E3D76145AC8F03A286888D08 /* [CP] Embed Pods Frameworks */,
				5FE6CE6759D3A571E18D4060 /* [CP] Copy Pods Resources */,
			);
			buildRules = (
			);
			dependencies = (
			);
			name = enPiT2SUProduct;
			productName = enPiT2SUProduct;
			productReference = C0F7E2611F6B7FC90038357B /* enPiT2SUProduct.app */;
			productType = "com.apple.product-type.application";
		};
/* End PBXNativeTarget section */

/* Begin PBXProject section */
		C0F7E2591F6B7FC90038357B /* Project object */ = {
			isa = PBXProject;
			attributes = {
				LastSwiftUpdateCheck = 0830;
				LastUpgradeCheck = 0900;
				ORGANIZATIONNAME = enPiT2SU;
				TargetAttributes = {
					C0F7E2601F6B7FC90038357B = {
						CreatedOnToolsVersion = 8.3.3;
						DevelopmentTeam = U48PC58DNS;
						LastSwiftMigration = 0900;
						ProvisioningStyle = Automatic;
					};
				};
			};
			buildConfigurationList = C0F7E25C1F6B7FC90038357B /* Build configuration list for PBXProject "enPiT2SUProduct" */;
			compatibilityVersion = "Xcode 3.2";
			developmentRegion = English;
			hasScannedForEncodings = 0;
			knownRegions = (
				en,
				Base,
			);
			mainGroup = C0F7E2581F6B7FC90038357B;
			productRefGroup = C0F7E2621F6B7FC90038357B /* Products */;
			projectDirPath = "";
			projectRoot = "";
			targets = (
				C0F7E2601F6B7FC90038357B /* enPiT2SUProduct */,
			);
		};
/* End PBXProject section */

/* Begin PBXResourcesBuildPhase section */
		C0F7E25F1F6B7FC90038357B /* Resources */ = {
			isa = PBXResourcesBuildPhase;
			buildActionMask = 2147483647;
			files = (
				C0F7E26F1F6B7FC90038357B /* LaunchScreen.storyboard in Resources */,
				C0F7E26C1F6B7FC90038357B /* Assets.xcassets in Resources */,
				C0F7E26A1F6B7FC90038357B /* Main.storyboard in Resources */,
			);
			runOnlyForDeploymentPostprocessing = 0;
		};
/* End PBXResourcesBuildPhase section */

/* Begin PBXShellScriptBuildPhase section */
		5FE6CE6759D3A571E18D4060 /* [CP] Copy Pods Resources */ = {
			isa = PBXShellScriptBuildPhase;
			buildActionMask = 2147483647;
			files = (
			);
			inputPaths = (
			);
			name = "[CP] Copy Pods Resources";
			outputPaths = (
			);
			runOnlyForDeploymentPostprocessing = 0;
			shellPath = /bin/sh;
			shellScript = "\"${SRCROOT}/Pods/Target Support Files/Pods-enPiT2SUProduct/Pods-enPiT2SUProduct-resources.sh\"\n";
			showEnvVarsInLog = 0;
		};
		612A7E9ADD0133DF083C9C3E /* [CP] Check Pods Manifest.lock */ = {
			isa = PBXShellScriptBuildPhase;
			buildActionMask = 2147483647;
			files = (
			);
			inputPaths = (
				"${PODS_PODFILE_DIR_PATH}/Podfile.lock",
				"${PODS_ROOT}/Manifest.lock",
			);
			name = "[CP] Check Pods Manifest.lock";
			outputPaths = (
				"$(DERIVED_FILE_DIR)/Pods-enPiT2SUProduct-checkManifestLockResult.txt",
			);
			runOnlyForDeploymentPostprocessing = 0;
			shellPath = /bin/sh;
			shellScript = "diff \"${PODS_PODFILE_DIR_PATH}/Podfile.lock\" \"${PODS_ROOT}/Manifest.lock\" > /dev/null\nif [ $? != 0 ] ; then\n    # print error to STDERR\n    echo \"error: The sandbox is not in sync with the Podfile.lock. Run 'pod install' or update your CocoaPods installation.\" >&2\n    exit 1\nfi\n# This output is used by Xcode 'outputs' to avoid re-running this script phase.\necho \"SUCCESS\" > \"${SCRIPT_OUTPUT_FILE_0}\"\n";
			showEnvVarsInLog = 0;
		};
		E3D76145AC8F03A286888D08 /* [CP] Embed Pods Frameworks */ = {
			isa = PBXShellScriptBuildPhase;
			buildActionMask = 2147483647;
			files = (
			);
			inputPaths = (
				"${SRCROOT}/Pods/Target Support Files/Pods-enPiT2SUProduct/Pods-enPiT2SUProduct-frameworks.sh",
				"${BUILT_PRODUCTS_DIR}/DZNEmptyDataSet/DZNEmptyDataSet.framework",
				"${BUILT_PRODUCTS_DIR}/KRActivityIndicatorView/KRActivityIndicatorView.framework",
				"${BUILT_PRODUCTS_DIR}/KRProgressHUD/KRProgressHUD.framework",
				"${BUILT_PRODUCTS_DIR}/TouchVisualizer/TouchVisualizer.framework",
			);
			name = "[CP] Embed Pods Frameworks";
			outputPaths = (
				"${TARGET_BUILD_DIR}/${FRAMEWORKS_FOLDER_PATH}/DZNEmptyDataSet.framework",
				"${TARGET_BUILD_DIR}/${FRAMEWORKS_FOLDER_PATH}/KRActivityIndicatorView.framework",
				"${TARGET_BUILD_DIR}/${FRAMEWORKS_FOLDER_PATH}/KRProgressHUD.framework",
				"${TARGET_BUILD_DIR}/${FRAMEWORKS_FOLDER_PATH}/TouchVisualizer.framework",
			);
			runOnlyForDeploymentPostprocessing = 0;
			shellPath = /bin/sh;
			shellScript = "\"${SRCROOT}/Pods/Target Support Files/Pods-enPiT2SUProduct/Pods-enPiT2SUProduct-frameworks.sh\"\n";
			showEnvVarsInLog = 0;
		};
/* End PBXShellScriptBuildPhase section */

/* Begin PBXSourcesBuildPhase section */
		C0F7E25D1F6B7FC90038357B /* Sources */ = {
			isa = PBXSourcesBuildPhase;
			buildActionMask = 2147483647;
			files = (
				7068FE131F99736A00C814FA /* UploadingViewController.swift in Sources */,
				7068FE0F1F98BD1F00C814FA /* MainViewController.swift in Sources */,
				C0F7E2651F6B7FC90038357B /* AppDelegate.swift in Sources */,
			);
			runOnlyForDeploymentPostprocessing = 0;
		};
/* End PBXSourcesBuildPhase section */

/* Begin PBXVariantGroup section */
		C0F7E2681F6B7FC90038357B /* Main.storyboard */ = {
			isa = PBXVariantGroup;
			children = (
				C0F7E2691F6B7FC90038357B /* Base */,
			);
			name = Main.storyboard;
			sourceTree = "<group>";
		};
		C0F7E26D1F6B7FC90038357B /* LaunchScreen.storyboard */ = {
			isa = PBXVariantGroup;
			children = (
				C0F7E26E1F6B7FC90038357B /* Base */,
			);
			name = LaunchScreen.storyboard;
			sourceTree = "<group>";
		};
/* End PBXVariantGroup section */

/* Begin XCBuildConfiguration section */
		C0F7E2711F6B7FC90038357B /* Debug */ = {
			isa = XCBuildConfiguration;
			buildSettings = {
				ALWAYS_SEARCH_USER_PATHS = NO;
				CLANG_ANALYZER_NONNULL = YES;
				CLANG_ANALYZER_NUMBER_OBJECT_CONVERSION = YES_AGGRESSIVE;
				CLANG_CXX_LANGUAGE_STANDARD = "gnu++0x";
				CLANG_CXX_LIBRARY = "libc++";
				CLANG_ENABLE_MODULES = YES;
				CLANG_ENABLE_OBJC_ARC = YES;
				CLANG_WARN_BLOCK_CAPTURE_AUTORELEASING = YES;
				CLANG_WARN_BOOL_CONVERSION = YES;
				CLANG_WARN_COMMA = YES;
				CLANG_WARN_CONSTANT_CONVERSION = YES;
				CLANG_WARN_DIRECT_OBJC_ISA_USAGE = YES_ERROR;
				CLANG_WARN_DOCUMENTATION_COMMENTS = YES;
				CLANG_WARN_EMPTY_BODY = YES;
				CLANG_WARN_ENUM_CONVERSION = YES;
				CLANG_WARN_INFINITE_RECURSION = YES;
				CLANG_WARN_INT_CONVERSION = YES;
				CLANG_WARN_NON_LITERAL_NULL_CONVERSION = YES;
				CLANG_WARN_OBJC_LITERAL_CONVERSION = YES;
				CLANG_WARN_OBJC_ROOT_CLASS = YES_ERROR;
				CLANG_WARN_RANGE_LOOP_ANALYSIS = YES;
				CLANG_WARN_STRICT_PROTOTYPES = YES;
				CLANG_WARN_SUSPICIOUS_MOVE = YES;
				CLANG_WARN_UNREACHABLE_CODE = YES;
				CLANG_WARN__DUPLICATE_METHOD_MATCH = YES;
				"CODE_SIGN_IDENTITY[sdk=iphoneos*]" = "iPhone Developer";
				COPY_PHASE_STRIP = NO;
				DEBUG_INFORMATION_FORMAT = dwarf;
				ENABLE_STRICT_OBJC_MSGSEND = YES;
				ENABLE_TESTABILITY = YES;
				GCC_C_LANGUAGE_STANDARD = gnu99;
				GCC_DYNAMIC_NO_PIC = NO;
				GCC_NO_COMMON_BLOCKS = YES;
				GCC_OPTIMIZATION_LEVEL = 0;
				GCC_PREPROCESSOR_DEFINITIONS = (
					"DEBUG=1",
					"$(inherited)",
				);
				GCC_WARN_64_TO_32_BIT_CONVERSION = YES;
				GCC_WARN_ABOUT_RETURN_TYPE = YES_ERROR;
				GCC_WARN_UNDECLARED_SELECTOR = YES;
				GCC_WARN_UNINITIALIZED_AUTOS = YES_AGGRESSIVE;
				GCC_WARN_UNUSED_FUNCTION = YES;
				GCC_WARN_UNUSED_VARIABLE = YES;
				IPHONEOS_DEPLOYMENT_TARGET = 10.3;
				MTL_ENABLE_DEBUG_INFO = YES;
				ONLY_ACTIVE_ARCH = YES;
				SDKROOT = iphoneos;
				SWIFT_ACTIVE_COMPILATION_CONDITIONS = DEBUG;
				SWIFT_OPTIMIZATION_LEVEL = "-Onone";
			};
			name = Debug;
		};
		C0F7E2721F6B7FC90038357B /* Release */ = {
			isa = XCBuildConfiguration;
			buildSettings = {
				ALWAYS_SEARCH_USER_PATHS = NO;
				CLANG_ANALYZER_NONNULL = YES;
				CLANG_ANALYZER_NUMBER_OBJECT_CONVERSION = YES_AGGRESSIVE;
				CLANG_CXX_LANGUAGE_STANDARD = "gnu++0x";
				CLANG_CXX_LIBRARY = "libc++";
				CLANG_ENABLE_MODULES = YES;
				CLANG_ENABLE_OBJC_ARC = YES;
				CLANG_WARN_BLOCK_CAPTURE_AUTORELEASING = YES;
				CLANG_WARN_BOOL_CONVERSION = YES;
				CLANG_WARN_COMMA = YES;
				CLANG_WARN_CONSTANT_CONVERSION = YES;
				CLANG_WARN_DIRECT_OBJC_ISA_USAGE = YES_ERROR;
				CLANG_WARN_DOCUMENTATION_COMMENTS = YES;
				CLANG_WARN_EMPTY_BODY = YES;
				CLANG_WARN_ENUM_CONVERSION = YES;
				CLANG_WARN_INFINITE_RECURSION = YES;
				CLANG_WARN_INT_CONVERSION = YES;
				CLANG_WARN_NON_LITERAL_NULL_CONVERSION = YES;
				CLANG_WARN_OBJC_LITERAL_CONVERSION = YES;
				CLANG_WARN_OBJC_ROOT_CLASS = YES_ERROR;
				CLANG_WARN_RANGE_LOOP_ANALYSIS = YES;
				CLANG_WARN_STRICT_PROTOTYPES = YES;
				CLANG_WARN_SUSPICIOUS_MOVE = YES;
				CLANG_WARN_UNREACHABLE_CODE = YES;
				CLANG_WARN__DUPLICATE_METHOD_MATCH = YES;
				"CODE_SIGN_IDENTITY[sdk=iphoneos*]" = "iPhone Developer";
				COPY_PHASE_STRIP = NO;
				DEBUG_INFORMATION_FORMAT = "dwarf-with-dsym";
				ENABLE_NS_ASSERTIONS = NO;
				ENABLE_STRICT_OBJC_MSGSEND = YES;
				GCC_C_LANGUAGE_STANDARD = gnu99;
				GCC_NO_COMMON_BLOCKS = YES;
				GCC_WARN_64_TO_32_BIT_CONVERSION = YES;
				GCC_WARN_ABOUT_RETURN_TYPE = YES_ERROR;
				GCC_WARN_UNDECLARED_SELECTOR = YES;
				GCC_WARN_UNINITIALIZED_AUTOS = YES_AGGRESSIVE;
				GCC_WARN_UNUSED_FUNCTION = YES;
				GCC_WARN_UNUSED_VARIABLE = YES;
				IPHONEOS_DEPLOYMENT_TARGET = 10.3;
				MTL_ENABLE_DEBUG_INFO = NO;
				SDKROOT = iphoneos;
				SWIFT_OPTIMIZATION_LEVEL = "-Owholemodule";
				VALIDATE_PRODUCT = YES;
			};
			name = Release;
		};
		C0F7E2741F6B7FC90038357B /* Debug */ = {
			isa = XCBuildConfiguration;
			baseConfigurationReference = EF9F70AF319855273E39CE4C /* Pods-enPiT2SUProduct.debug.xcconfig */;
			buildSettings = {
				ASSETCATALOG_COMPILER_APPICON_NAME = AppIcon;
				DEVELOPMENT_TEAM = U48PC58DNS;
				INFOPLIST_FILE = enPiT2SUProduct/Info.plist;
				IPHONEOS_DEPLOYMENT_TARGET = 10.3;
				LD_RUNPATH_SEARCH_PATHS = "$(inherited) @executable_path/Frameworks";
				PRODUCT_BUNDLE_IDENTIFIER = enPiT;
				PRODUCT_NAME = "$(TARGET_NAME)";
				SWIFT_SWIFT3_OBJC_INFERENCE = Default;
				SWIFT_VERSION = 4.0;
			};
			name = Debug;
		};
		C0F7E2751F6B7FC90038357B /* Release */ = {
			isa = XCBuildConfiguration;
			baseConfigurationReference = 17DD6213011BDCB6850B0EB6 /* Pods-enPiT2SUProduct.release.xcconfig */;
			buildSettings = {
				ASSETCATALOG_COMPILER_APPICON_NAME = AppIcon;
				DEVELOPMENT_TEAM = U48PC58DNS;
				INFOPLIST_FILE = enPiT2SUProduct/Info.plist;
				IPHONEOS_DEPLOYMENT_TARGET = 10.3;
				LD_RUNPATH_SEARCH_PATHS = "$(inherited) @executable_path/Frameworks";
				PRODUCT_BUNDLE_IDENTIFIER = enPiT;
				PRODUCT_NAME = "$(TARGET_NAME)";
				SWIFT_SWIFT3_OBJC_INFERENCE = Default;
				SWIFT_VERSION = 4.0;
			};
			name = Release;
		};
/* End XCBuildConfiguration section */

/* Begin XCConfigurationList section */
		C0F7E25C1F6B7FC90038357B /* Build configuration list for PBXProject "enPiT2SUProduct" */ = {
			isa = XCConfigurationList;
			buildConfigurations = (
				C0F7E2711F6B7FC90038357B /* Debug */,
				C0F7E2721F6B7FC90038357B /* Release */,
			);
			defaultConfigurationIsVisible = 0;
			defaultConfigurationName = Release;
		};
		C0F7E2731F6B7FC90038357B /* Build configuration list for PBXNativeTarget "enPiT2SUProduct" */ = {
			isa = XCConfigurationList;
			buildConfigurations = (
				C0F7E2741F6B7FC90038357B /* Debug */,
				C0F7E2751F6B7FC90038357B /* Release */,
			);
			defaultConfigurationIsVisible = 0;
			defaultConfigurationName = Release;
		};
/* End XCConfigurationList section */
	};
	rootObject = C0F7E2591F6B7FC90038357B /* Project object */;
}
